// !$*UTF8*$!
{
	archiveVersion = 1;
	classes = {
	};
	objectVersion = 56;
	objects = {

/* Begin PBXBuildFile section */
		43BF22A229D2FC6B004C6E0B /* FirebaseFirestore in Frameworks */ = {isa = PBXBuildFile; productRef = 43BF22A129D2FC6B004C6E0B /* FirebaseFirestore */; };
		43BF22A729D30A16004C6E0B /* FoodItem.swift in Sources */ = {isa = PBXBuildFile; fileRef = 43BF22A629D30A16004C6E0B /* FoodItem.swift */; };
		50505A3329C8A06F009890B4 /* MacroTrackerApp.swift in Sources */ = {isa = PBXBuildFile; fileRef = 50505A3229C8A06F009890B4 /* MacroTrackerApp.swift */; };
		50505A3529C8A06F009890B4 /* ContentView.swift in Sources */ = {isa = PBXBuildFile; fileRef = 50505A3429C8A06F009890B4 /* ContentView.swift */; };
		50505A3729C8A071009890B4 /* Assets.xcassets in Resources */ = {isa = PBXBuildFile; fileRef = 50505A3629C8A071009890B4 /* Assets.xcassets */; };
		50505A3B29C8A071009890B4 /* Preview Assets.xcassets in Resources */ = {isa = PBXBuildFile; fileRef = 50505A3A29C8A071009890B4 /* Preview Assets.xcassets */; };
		50505A4529C8A071009890B4 /* MacroTrackerTests.swift in Sources */ = {isa = PBXBuildFile; fileRef = 50505A4429C8A071009890B4 /* MacroTrackerTests.swift */; };
		50505A4F29C8A071009890B4 /* MacroTrackerUITests.swift in Sources */ = {isa = PBXBuildFile; fileRef = 50505A4E29C8A071009890B4 /* MacroTrackerUITests.swift */; };
		50505A5129C8A071009890B4 /* MacroTrackerUITestsLaunchTests.swift in Sources */ = {isa = PBXBuildFile; fileRef = 50505A5029C8A071009890B4 /* MacroTrackerUITestsLaunchTests.swift */; };
		50505A5E29C8A2A6009890B4 /* GoogleService-Info.plist in Resources */ = {isa = PBXBuildFile; fileRef = 50505A5D29C8A2A6009890B4 /* GoogleService-Info.plist */; };
		50505A5F29C8A2A6009890B4 /* GoogleService-Info.plist in Resources */ = {isa = PBXBuildFile; fileRef = 50505A5D29C8A2A6009890B4 /* GoogleService-Info.plist */; };
		50505A6029C8A2A6009890B4 /* GoogleService-Info.plist in Resources */ = {isa = PBXBuildFile; fileRef = 50505A5D29C8A2A6009890B4 /* GoogleService-Info.plist */; };
		50505A6329C8A425009890B4 /* FirebaseAnalytics in Frameworks */ = {isa = PBXBuildFile; productRef = 50505A6229C8A425009890B4 /* FirebaseAnalytics */; };
		50505A6529C8A425009890B4 /* FirebaseAnalyticsSwift in Frameworks */ = {isa = PBXBuildFile; productRef = 50505A6429C8A425009890B4 /* FirebaseAnalyticsSwift */; };
		50505A6729C8A425009890B4 /* FirebaseAuth in Frameworks */ = {isa = PBXBuildFile; productRef = 50505A6629C8A425009890B4 /* FirebaseAuth */; };
		50505A6929C8A425009890B4 /* FirebaseCrashlytics in Frameworks */ = {isa = PBXBuildFile; productRef = 50505A6829C8A425009890B4 /* FirebaseCrashlytics */; };
		50505A6B29C8A425009890B4 /* FirebaseDatabase in Frameworks */ = {isa = PBXBuildFile; productRef = 50505A6A29C8A425009890B4 /* FirebaseDatabase */; };
		50505A6D29C8A425009890B4 /* FirebaseDatabaseSwift in Frameworks */ = {isa = PBXBuildFile; productRef = 50505A6C29C8A425009890B4 /* FirebaseDatabaseSwift */; };
		5097C8EF29D1C61C0024DE86 /* CarBode in Frameworks */ = {isa = PBXBuildFile; productRef = 5097C8EE29D1C61C0024DE86 /* CarBode */; };
		5097C8F229D1C9530024DE86 /* GeneralAPI.swift in Sources */ = {isa = PBXBuildFile; fileRef = 5097C8F129D1C9530024DE86 /* GeneralAPI.swift */; };
		5097C8F429D1C9780024DE86 /* OpenFoodFactsAPI.swift in Sources */ = {isa = PBXBuildFile; fileRef = 5097C8F329D1C9780024DE86 /* OpenFoodFactsAPI.swift */; };
		5097C8F829D1CEA40024DE86 /* AuthView.swift in Sources */ = {isa = PBXBuildFile; fileRef = 5097C8F729D1CEA40024DE86 /* AuthView.swift */; };
		5097C8FC29D1CF090024DE86 /* SignInScreenView.swift in Sources */ = {isa = PBXBuildFile; fileRef = 5097C8FB29D1CF090024DE86 /* SignInScreenView.swift */; };
		5097C8FE29D1CF2F0024DE86 /* SignUpScreenView.swift in Sources */ = {isa = PBXBuildFile; fileRef = 5097C8FD29D1CF2F0024DE86 /* SignUpScreenView.swift */; };
		5097C90029D1CF780024DE86 /* TodayView.swift in Sources */ = {isa = PBXBuildFile; fileRef = 5097C8FF29D1CF780024DE86 /* TodayView.swift */; };
		5097C90229D1CF9B0024DE86 /* GoalView.swift in Sources */ = {isa = PBXBuildFile; fileRef = 5097C90129D1CF9B0024DE86 /* GoalView.swift */; };
		5097C90429D1CFC00024DE86 /* AddView.swift in Sources */ = {isa = PBXBuildFile; fileRef = 5097C90329D1CFC00024DE86 /* AddView.swift */; };
		5097C90629D1CFE60024DE86 /* AddScanView.swift in Sources */ = {isa = PBXBuildFile; fileRef = 5097C90529D1CFE60024DE86 /* AddScanView.swift */; };
		5097C90829D1CFFD0024DE86 /* AddSearchView.swift in Sources */ = {isa = PBXBuildFile; fileRef = 5097C90729D1CFFD0024DE86 /* AddSearchView.swift */; };
		5097C90A29D1D02C0024DE86 /* AddRetrieveView.swift in Sources */ = {isa = PBXBuildFile; fileRef = 5097C90929D1D02C0024DE86 /* AddRetrieveView.swift */; };
		5097C90C29D1D03F0024DE86 /* AddCreateView.swift in Sources */ = {isa = PBXBuildFile; fileRef = 5097C90B29D1D03F0024DE86 /* AddCreateView.swift */; };
		5097C90E29D1D05C0024DE86 /* DietView.swift in Sources */ = {isa = PBXBuildFile; fileRef = 5097C90D29D1D05C0024DE86 /* DietView.swift */; };
		5097C91029D1D06B0024DE86 /* SettingsView.swift in Sources */ = {isa = PBXBuildFile; fileRef = 5097C90F29D1D06B0024DE86 /* SettingsView.swift */; };
		5097C91329D1D10C0024DE86 /* PopupView in Frameworks */ = {isa = PBXBuildFile; productRef = 5097C91229D1D10C0024DE86 /* PopupView */; };
		50B0615829D4756E00280D2D /* HomeView.swift in Sources */ = {isa = PBXBuildFile; fileRef = 50B0615729D4756E00280D2D /* HomeView.swift */; };
		50DF38CA29C9D0ED002BE5C0 /* SwiftUICharts in Frameworks */ = {isa = PBXBuildFile; productRef = 50DF38C929C9D0ED002BE5C0 /* SwiftUICharts */; };
		50DF38CC29C9D155002BE5C0 /* ViewSharedComponents.swift in Sources */ = {isa = PBXBuildFile; fileRef = 50DF38CB29C9D155002BE5C0 /* ViewSharedComponents.swift */; };
/* End PBXBuildFile section */

/* Begin PBXContainerItemProxy section */
		50505A4129C8A071009890B4 /* PBXContainerItemProxy */ = {
			isa = PBXContainerItemProxy;
			containerPortal = 50505A2729C8A06F009890B4 /* Project object */;
			proxyType = 1;
			remoteGlobalIDString = 50505A2E29C8A06F009890B4;
			remoteInfo = MacroTracker;
		};
		50505A4B29C8A071009890B4 /* PBXContainerItemProxy */ = {
			isa = PBXContainerItemProxy;
			containerPortal = 50505A2729C8A06F009890B4 /* Project object */;
			proxyType = 1;
			remoteGlobalIDString = 50505A2E29C8A06F009890B4;
			remoteInfo = MacroTracker;
		};
/* End PBXContainerItemProxy section */

/* Begin PBXFileReference section */
		43BF22A629D30A16004C6E0B /* FoodItem.swift */ = {isa = PBXFileReference; lastKnownFileType = sourcecode.swift; path = FoodItem.swift; sourceTree = "<group>"; };
		50505A2F29C8A06F009890B4 /* MacroTracker.app */ = {isa = PBXFileReference; explicitFileType = wrapper.application; includeInIndex = 0; path = MacroTracker.app; sourceTree = BUILT_PRODUCTS_DIR; };
		50505A3229C8A06F009890B4 /* MacroTrackerApp.swift */ = {isa = PBXFileReference; lastKnownFileType = sourcecode.swift; path = MacroTrackerApp.swift; sourceTree = "<group>"; };
		50505A3429C8A06F009890B4 /* ContentView.swift */ = {isa = PBXFileReference; lastKnownFileType = sourcecode.swift; path = ContentView.swift; sourceTree = "<group>"; };
		50505A3629C8A071009890B4 /* Assets.xcassets */ = {isa = PBXFileReference; lastKnownFileType = folder.assetcatalog; path = Assets.xcassets; sourceTree = "<group>"; };
		50505A3829C8A071009890B4 /* MacroTracker.entitlements */ = {isa = PBXFileReference; lastKnownFileType = text.plist.entitlements; path = MacroTracker.entitlements; sourceTree = "<group>"; };
		50505A3A29C8A071009890B4 /* Preview Assets.xcassets */ = {isa = PBXFileReference; lastKnownFileType = folder.assetcatalog; path = "Preview Assets.xcassets"; sourceTree = "<group>"; };
		50505A4029C8A071009890B4 /* MacroTrackerTests.xctest */ = {isa = PBXFileReference; explicitFileType = wrapper.cfbundle; includeInIndex = 0; path = MacroTrackerTests.xctest; sourceTree = BUILT_PRODUCTS_DIR; };
		50505A4429C8A071009890B4 /* MacroTrackerTests.swift */ = {isa = PBXFileReference; lastKnownFileType = sourcecode.swift; path = MacroTrackerTests.swift; sourceTree = "<group>"; };
		50505A4A29C8A071009890B4 /* MacroTrackerUITests.xctest */ = {isa = PBXFileReference; explicitFileType = wrapper.cfbundle; includeInIndex = 0; path = MacroTrackerUITests.xctest; sourceTree = BUILT_PRODUCTS_DIR; };
		50505A4E29C8A071009890B4 /* MacroTrackerUITests.swift */ = {isa = PBXFileReference; lastKnownFileType = sourcecode.swift; path = MacroTrackerUITests.swift; sourceTree = "<group>"; };
		50505A5029C8A071009890B4 /* MacroTrackerUITestsLaunchTests.swift */ = {isa = PBXFileReference; lastKnownFileType = sourcecode.swift; path = MacroTrackerUITestsLaunchTests.swift; sourceTree = "<group>"; };
		50505A5D29C8A2A6009890B4 /* GoogleService-Info.plist */ = {isa = PBXFileReference; fileEncoding = 4; lastKnownFileType = text.plist.xml; path = "GoogleService-Info.plist"; sourceTree = "<group>"; };
		5097C8F129D1C9530024DE86 /* GeneralAPI.swift */ = {isa = PBXFileReference; lastKnownFileType = sourcecode.swift; path = GeneralAPI.swift; sourceTree = "<group>"; };
		5097C8F329D1C9780024DE86 /* OpenFoodFactsAPI.swift */ = {isa = PBXFileReference; lastKnownFileType = sourcecode.swift; path = OpenFoodFactsAPI.swift; sourceTree = "<group>"; };
		5097C8F729D1CEA40024DE86 /* AuthView.swift */ = {isa = PBXFileReference; lastKnownFileType = sourcecode.swift; path = AuthView.swift; sourceTree = "<group>"; };
		5097C8FB29D1CF090024DE86 /* SignInScreenView.swift */ = {isa = PBXFileReference; lastKnownFileType = sourcecode.swift; path = SignInScreenView.swift; sourceTree = "<group>"; };
		5097C8FD29D1CF2F0024DE86 /* SignUpScreenView.swift */ = {isa = PBXFileReference; lastKnownFileType = sourcecode.swift; path = SignUpScreenView.swift; sourceTree = "<group>"; };
		5097C8FF29D1CF780024DE86 /* TodayView.swift */ = {isa = PBXFileReference; lastKnownFileType = sourcecode.swift; path = TodayView.swift; sourceTree = "<group>"; };
		5097C90129D1CF9B0024DE86 /* GoalView.swift */ = {isa = PBXFileReference; lastKnownFileType = sourcecode.swift; path = GoalView.swift; sourceTree = "<group>"; };
		5097C90329D1CFC00024DE86 /* AddView.swift */ = {isa = PBXFileReference; lastKnownFileType = sourcecode.swift; path = AddView.swift; sourceTree = "<group>"; };
		5097C90529D1CFE60024DE86 /* AddScanView.swift */ = {isa = PBXFileReference; lastKnownFileType = sourcecode.swift; path = AddScanView.swift; sourceTree = "<group>"; };
		5097C90729D1CFFD0024DE86 /* AddSearchView.swift */ = {isa = PBXFileReference; lastKnownFileType = sourcecode.swift; path = AddSearchView.swift; sourceTree = "<group>"; };
		5097C90929D1D02C0024DE86 /* AddRetrieveView.swift */ = {isa = PBXFileReference; lastKnownFileType = sourcecode.swift; path = AddRetrieveView.swift; sourceTree = "<group>"; };
		5097C90B29D1D03F0024DE86 /* AddCreateView.swift */ = {isa = PBXFileReference; lastKnownFileType = sourcecode.swift; path = AddCreateView.swift; sourceTree = "<group>"; };
		5097C90D29D1D05C0024DE86 /* DietView.swift */ = {isa = PBXFileReference; lastKnownFileType = sourcecode.swift; path = DietView.swift; sourceTree = "<group>"; };
		5097C90F29D1D06B0024DE86 /* SettingsView.swift */ = {isa = PBXFileReference; lastKnownFileType = sourcecode.swift; path = SettingsView.swift; sourceTree = "<group>"; };
		50B0615729D4756E00280D2D /* HomeView.swift */ = {isa = PBXFileReference; lastKnownFileType = sourcecode.swift; path = HomeView.swift; sourceTree = "<group>"; };
		50DF38CB29C9D155002BE5C0 /* ViewSharedComponents.swift */ = {isa = PBXFileReference; lastKnownFileType = sourcecode.swift; path = ViewSharedComponents.swift; sourceTree = "<group>"; };
/* End PBXFileReference section */

/* Begin PBXFrameworksBuildPhase section */
		50505A2C29C8A06F009890B4 /* Frameworks */ = {
			isa = PBXFrameworksBuildPhase;
			buildActionMask = 2147483647;
			files = (
				50505A6D29C8A425009890B4 /* FirebaseDatabaseSwift in Frameworks */,
				50DF38CA29C9D0ED002BE5C0 /* SwiftUICharts in Frameworks */,
				50505A6B29C8A425009890B4 /* FirebaseDatabase in Frameworks */,
				43BF22A229D2FC6B004C6E0B /* FirebaseFirestore in Frameworks */,
				5097C91329D1D10C0024DE86 /* PopupView in Frameworks */,
				50505A6529C8A425009890B4 /* FirebaseAnalyticsSwift in Frameworks */,
				50505A6929C8A425009890B4 /* FirebaseCrashlytics in Frameworks */,
				50505A6729C8A425009890B4 /* FirebaseAuth in Frameworks */,
				50505A6329C8A425009890B4 /* FirebaseAnalytics in Frameworks */,
				5097C8EF29D1C61C0024DE86 /* CarBode in Frameworks */,
			);
			runOnlyForDeploymentPostprocessing = 0;
		};
		50505A3D29C8A071009890B4 /* Frameworks */ = {
			isa = PBXFrameworksBuildPhase;
			buildActionMask = 2147483647;
			files = (
			);
			runOnlyForDeploymentPostprocessing = 0;
		};
		50505A4729C8A071009890B4 /* Frameworks */ = {
			isa = PBXFrameworksBuildPhase;
			buildActionMask = 2147483647;
			files = (
			);
			runOnlyForDeploymentPostprocessing = 0;
		};
/* End PBXFrameworksBuildPhase section */

/* Begin PBXGroup section */
		43BF22A029D2FC6B004C6E0B /* Frameworks */ = {
			isa = PBXGroup;
			children = (
			);
			name = Frameworks;
			sourceTree = "<group>";
		};
		43BF22A529D30A05004C6E0B /* Model */ = {
			isa = PBXGroup;
			children = (
				43BF22A629D30A16004C6E0B /* FoodItem.swift */,
			);
			path = Model;
			sourceTree = "<group>";
		};
		50505A2629C8A06F009890B4 = {
			isa = PBXGroup;
			children = (
				50505A5D29C8A2A6009890B4 /* GoogleService-Info.plist */,
				50505A3129C8A06F009890B4 /* MacroTracker */,
				50505A4329C8A071009890B4 /* MacroTrackerTests */,
				50505A4D29C8A071009890B4 /* MacroTrackerUITests */,
				50505A3029C8A06F009890B4 /* Products */,
				43BF22A029D2FC6B004C6E0B /* Frameworks */,
			);
			sourceTree = "<group>";
		};
		50505A3029C8A06F009890B4 /* Products */ = {
			isa = PBXGroup;
			children = (
				50505A2F29C8A06F009890B4 /* MacroTracker.app */,
				50505A4029C8A071009890B4 /* MacroTrackerTests.xctest */,
				50505A4A29C8A071009890B4 /* MacroTrackerUITests.xctest */,
			);
			name = Products;
			sourceTree = "<group>";
		};
		50505A3129C8A06F009890B4 /* MacroTracker */ = {
			isa = PBXGroup;
			children = (
				43BF22A529D30A05004C6E0B /* Model */,
				5097C8F629D1CE820024DE86 /* Views */,
				5097C8F029D1C9490024DE86 /* API */,
				50505A3229C8A06F009890B4 /* MacroTrackerApp.swift */,
				50505A3629C8A071009890B4 /* Assets.xcassets */,
				50505A3829C8A071009890B4 /* MacroTracker.entitlements */,
				50505A3929C8A071009890B4 /* Preview Content */,
				50DF38CB29C9D155002BE5C0 /* ViewSharedComponents.swift */,
			);
			path = MacroTracker;
			sourceTree = "<group>";
		};
		50505A3929C8A071009890B4 /* Preview Content */ = {
			isa = PBXGroup;
			children = (
				50505A3A29C8A071009890B4 /* Preview Assets.xcassets */,
			);
			path = "Preview Content";
			sourceTree = "<group>";
		};
		50505A4329C8A071009890B4 /* MacroTrackerTests */ = {
			isa = PBXGroup;
			children = (
				50505A4429C8A071009890B4 /* MacroTrackerTests.swift */,
			);
			path = MacroTrackerTests;
			sourceTree = "<group>";
		};
		50505A4D29C8A071009890B4 /* MacroTrackerUITests */ = {
			isa = PBXGroup;
			children = (
				50505A4E29C8A071009890B4 /* MacroTrackerUITests.swift */,
				50505A5029C8A071009890B4 /* MacroTrackerUITestsLaunchTests.swift */,
			);
			path = MacroTrackerUITests;
			sourceTree = "<group>";
		};
		5097C8F029D1C9490024DE86 /* API */ = {
			isa = PBXGroup;
			children = (
				5097C8F129D1C9530024DE86 /* GeneralAPI.swift */,
				5097C8F329D1C9780024DE86 /* OpenFoodFactsAPI.swift */,
			);
			path = API;
			sourceTree = "<group>";
		};
		5097C8F629D1CE820024DE86 /* Views */ = {
			isa = PBXGroup;
			children = (
				50505A3429C8A06F009890B4 /* ContentView.swift */,
				5097C8FA29D1CEF90024DE86 /* Auth */,
				5097C8FF29D1CF780024DE86 /* TodayView.swift */,
				5097C90129D1CF9B0024DE86 /* GoalView.swift */,
				5097C90329D1CFC00024DE86 /* AddView.swift */,
				5097C90529D1CFE60024DE86 /* AddScanView.swift */,
				5097C90729D1CFFD0024DE86 /* AddSearchView.swift */,
				5097C90929D1D02C0024DE86 /* AddRetrieveView.swift */,
				5097C90B29D1D03F0024DE86 /* AddCreateView.swift */,
				5097C90D29D1D05C0024DE86 /* DietView.swift */,
				5097C90F29D1D06B0024DE86 /* SettingsView.swift */,
				50B0615729D4756E00280D2D /* HomeView.swift */,
			);
			path = Views;
			sourceTree = "<group>";
		};
		5097C8FA29D1CEF90024DE86 /* Auth */ = {
			isa = PBXGroup;
			children = (
				5097C8F729D1CEA40024DE86 /* AuthView.swift */,
				5097C8FB29D1CF090024DE86 /* SignInScreenView.swift */,
				5097C8FD29D1CF2F0024DE86 /* SignUpScreenView.swift */,
			);
			path = Auth;
			sourceTree = "<group>";
		};
/* End PBXGroup section */

/* Begin PBXNativeTarget section */
		50505A2E29C8A06F009890B4 /* MacroTracker */ = {
			isa = PBXNativeTarget;
			buildConfigurationList = 50505A5429C8A071009890B4 /* Build configuration list for PBXNativeTarget "MacroTracker" */;
			buildPhases = (
				50505A2B29C8A06F009890B4 /* Sources */,
				50505A2C29C8A06F009890B4 /* Frameworks */,
				50505A2D29C8A06F009890B4 /* Resources */,
			);
			buildRules = (
			);
			dependencies = (
			);
			name = MacroTracker;
			packageProductDependencies = (
				50505A6229C8A425009890B4 /* FirebaseAnalytics */,
				50505A6429C8A425009890B4 /* FirebaseAnalyticsSwift */,
				50505A6629C8A425009890B4 /* FirebaseAuth */,
				50505A6829C8A425009890B4 /* FirebaseCrashlytics */,
				50505A6A29C8A425009890B4 /* FirebaseDatabase */,
				50505A6C29C8A425009890B4 /* FirebaseDatabaseSwift */,
				50DF38C929C9D0ED002BE5C0 /* SwiftUICharts */,
				5097C8EE29D1C61C0024DE86 /* CarBode */,
				5097C91229D1D10C0024DE86 /* PopupView */,
				43BF22A129D2FC6B004C6E0B /* FirebaseFirestore */,
			);
			productName = MacroTracker;
			productReference = 50505A2F29C8A06F009890B4 /* MacroTracker.app */;
			productType = "com.apple.product-type.application";
		};
		50505A3F29C8A071009890B4 /* MacroTrackerTests */ = {
			isa = PBXNativeTarget;
			buildConfigurationList = 50505A5729C8A071009890B4 /* Build configuration list for PBXNativeTarget "MacroTrackerTests" */;
			buildPhases = (
				50505A3C29C8A071009890B4 /* Sources */,
				50505A3D29C8A071009890B4 /* Frameworks */,
				50505A3E29C8A071009890B4 /* Resources */,
			);
			buildRules = (
			);
			dependencies = (
				50505A4229C8A071009890B4 /* PBXTargetDependency */,
			);
			name = MacroTrackerTests;
			productName = MacroTrackerTests;
			productReference = 50505A4029C8A071009890B4 /* MacroTrackerTests.xctest */;
			productType = "com.apple.product-type.bundle.unit-test";
		};
		50505A4929C8A071009890B4 /* MacroTrackerUITests */ = {
			isa = PBXNativeTarget;
			buildConfigurationList = 50505A5A29C8A071009890B4 /* Build configuration list for PBXNativeTarget "MacroTrackerUITests" */;
			buildPhases = (
				50505A4629C8A071009890B4 /* Sources */,
				50505A4729C8A071009890B4 /* Frameworks */,
				50505A4829C8A071009890B4 /* Resources */,
			);
			buildRules = (
			);
			dependencies = (
				50505A4C29C8A071009890B4 /* PBXTargetDependency */,
			);
			name = MacroTrackerUITests;
			productName = MacroTrackerUITests;
			productReference = 50505A4A29C8A071009890B4 /* MacroTrackerUITests.xctest */;
			productType = "com.apple.product-type.bundle.ui-testing";
		};
/* End PBXNativeTarget section */

/* Begin PBXProject section */
		50505A2729C8A06F009890B4 /* Project object */ = {
			isa = PBXProject;
			attributes = {
				BuildIndependentTargetsInParallel = 1;
				LastSwiftUpdateCheck = 1420;
				LastUpgradeCheck = 1420;
				TargetAttributes = {
					50505A2E29C8A06F009890B4 = {
						CreatedOnToolsVersion = 14.2;
					};
					50505A3F29C8A071009890B4 = {
						CreatedOnToolsVersion = 14.2;
						TestTargetID = 50505A2E29C8A06F009890B4;
					};
					50505A4929C8A071009890B4 = {
						CreatedOnToolsVersion = 14.2;
						TestTargetID = 50505A2E29C8A06F009890B4;
					};
				};
			};
			buildConfigurationList = 50505A2A29C8A06F009890B4 /* Build configuration list for PBXProject "MacroTracker" */;
			compatibilityVersion = "Xcode 14.0";
			developmentRegion = en;
			hasScannedForEncodings = 0;
			knownRegions = (
				en,
				Base,
			);
			mainGroup = 50505A2629C8A06F009890B4;
			packageReferences = (
				50505A6129C8A425009890B4 /* XCRemoteSwiftPackageReference "firebase-ios-sdk" */,
				50DF38C829C9D0ED002BE5C0 /* XCRemoteSwiftPackageReference "ChartView" */,
				5097C8ED29D1C61C0024DE86 /* XCRemoteSwiftPackageReference "CarBode-Barcode-Scanner-For-SwiftUI" */,
				5097C91129D1D10C0024DE86 /* XCRemoteSwiftPackageReference "PopupView" */,
			);
			productRefGroup = 50505A3029C8A06F009890B4 /* Products */;
			projectDirPath = "";
			projectRoot = "";
			targets = (
				50505A2E29C8A06F009890B4 /* MacroTracker */,
				50505A3F29C8A071009890B4 /* MacroTrackerTests */,
				50505A4929C8A071009890B4 /* MacroTrackerUITests */,
			);
		};
/* End PBXProject section */

/* Begin PBXResourcesBuildPhase section */
		50505A2D29C8A06F009890B4 /* Resources */ = {
			isa = PBXResourcesBuildPhase;
			buildActionMask = 2147483647;
			files = (
				50505A3B29C8A071009890B4 /* Preview Assets.xcassets in Resources */,
				50505A3729C8A071009890B4 /* Assets.xcassets in Resources */,
				50505A5E29C8A2A6009890B4 /* GoogleService-Info.plist in Resources */,
			);
			runOnlyForDeploymentPostprocessing = 0;
		};
		50505A3E29C8A071009890B4 /* Resources */ = {
			isa = PBXResourcesBuildPhase;
			buildActionMask = 2147483647;
			files = (
				50505A5F29C8A2A6009890B4 /* GoogleService-Info.plist in Resources */,
			);
			runOnlyForDeploymentPostprocessing = 0;
		};
		50505A4829C8A071009890B4 /* Resources */ = {
			isa = PBXResourcesBuildPhase;
			buildActionMask = 2147483647;
			files = (
				50505A6029C8A2A6009890B4 /* GoogleService-Info.plist in Resources */,
			);
			runOnlyForDeploymentPostprocessing = 0;
		};
/* End PBXResourcesBuildPhase section */

/* Begin PBXSourcesBuildPhase section */
		50505A2B29C8A06F009890B4 /* Sources */ = {
			isa = PBXSourcesBuildPhase;
			buildActionMask = 2147483647;
			files = (
				5097C90A29D1D02C0024DE86 /* AddRetrieveView.swift in Sources */,
				5097C8F429D1C9780024DE86 /* OpenFoodFactsAPI.swift in Sources */,
				5097C90629D1CFE60024DE86 /* AddScanView.swift in Sources */,
				50505A3529C8A06F009890B4 /* ContentView.swift in Sources */,
				43BF22A729D30A16004C6E0B /* FoodItem.swift in Sources */,
				5097C8FE29D1CF2F0024DE86 /* SignUpScreenView.swift in Sources */,
				5097C91029D1D06B0024DE86 /* SettingsView.swift in Sources */,
				5097C8F829D1CEA40024DE86 /* AuthView.swift in Sources */,
				5097C90829D1CFFD0024DE86 /* AddSearchView.swift in Sources */,
				5097C90029D1CF780024DE86 /* TodayView.swift in Sources */,
				50DF38CC29C9D155002BE5C0 /* ViewSharedComponents.swift in Sources */,
				5097C90429D1CFC00024DE86 /* AddView.swift in Sources */,
				5097C90E29D1D05C0024DE86 /* DietView.swift in Sources */,
				50505A3329C8A06F009890B4 /* MacroTrackerApp.swift in Sources */,
				5097C90C29D1D03F0024DE86 /* AddCreateView.swift in Sources */,
				5097C90229D1CF9B0024DE86 /* GoalView.swift in Sources */,
				5097C8F229D1C9530024DE86 /* GeneralAPI.swift in Sources */,
				5097C8FC29D1CF090024DE86 /* SignInScreenView.swift in Sources */,
				50B0615829D4756E00280D2D /* HomeView.swift in Sources */,
			);
			runOnlyForDeploymentPostprocessing = 0;
		};
		50505A3C29C8A071009890B4 /* Sources */ = {
			isa = PBXSourcesBuildPhase;
			buildActionMask = 2147483647;
			files = (
				50505A4529C8A071009890B4 /* MacroTrackerTests.swift in Sources */,
			);
			runOnlyForDeploymentPostprocessing = 0;
		};
		50505A4629C8A071009890B4 /* Sources */ = {
			isa = PBXSourcesBuildPhase;
			buildActionMask = 2147483647;
			files = (
				50505A5129C8A071009890B4 /* MacroTrackerUITestsLaunchTests.swift in Sources */,
				50505A4F29C8A071009890B4 /* MacroTrackerUITests.swift in Sources */,
			);
			runOnlyForDeploymentPostprocessing = 0;
		};
/* End PBXSourcesBuildPhase section */

/* Begin PBXTargetDependency section */
		50505A4229C8A071009890B4 /* PBXTargetDependency */ = {
			isa = PBXTargetDependency;
			target = 50505A2E29C8A06F009890B4 /* MacroTracker */;
			targetProxy = 50505A4129C8A071009890B4 /* PBXContainerItemProxy */;
		};
		50505A4C29C8A071009890B4 /* PBXTargetDependency */ = {
			isa = PBXTargetDependency;
			target = 50505A2E29C8A06F009890B4 /* MacroTracker */;
			targetProxy = 50505A4B29C8A071009890B4 /* PBXContainerItemProxy */;
		};
/* End PBXTargetDependency section */

/* Begin XCBuildConfiguration section */
		50505A5229C8A071009890B4 /* Debug */ = {
			isa = XCBuildConfiguration;
			buildSettings = {
				ALWAYS_SEARCH_USER_PATHS = NO;
				CLANG_ANALYZER_NONNULL = YES;
				CLANG_ANALYZER_NUMBER_OBJECT_CONVERSION = YES_AGGRESSIVE;
				CLANG_CXX_LANGUAGE_STANDARD = "gnu++20";
				CLANG_ENABLE_MODULES = YES;
				CLANG_ENABLE_OBJC_ARC = YES;
				CLANG_ENABLE_OBJC_WEAK = YES;
				CLANG_WARN_BLOCK_CAPTURE_AUTORELEASING = YES;
				CLANG_WARN_BOOL_CONVERSION = YES;
				CLANG_WARN_COMMA = YES;
				CLANG_WARN_CONSTANT_CONVERSION = YES;
				CLANG_WARN_DEPRECATED_OBJC_IMPLEMENTATIONS = YES;
				CLANG_WARN_DIRECT_OBJC_ISA_USAGE = YES_ERROR;
				CLANG_WARN_DOCUMENTATION_COMMENTS = YES;
				CLANG_WARN_EMPTY_BODY = YES;
				CLANG_WARN_ENUM_CONVERSION = YES;
				CLANG_WARN_INFINITE_RECURSION = YES;
				CLANG_WARN_INT_CONVERSION = YES;
				CLANG_WARN_NON_LITERAL_NULL_CONVERSION = YES;
				CLANG_WARN_OBJC_IMPLICIT_RETAIN_SELF = YES;
				CLANG_WARN_OBJC_LITERAL_CONVERSION = YES;
				CLANG_WARN_OBJC_ROOT_CLASS = YES_ERROR;
				CLANG_WARN_QUOTED_INCLUDE_IN_FRAMEWORK_HEADER = YES;
				CLANG_WARN_RANGE_LOOP_ANALYSIS = YES;
				CLANG_WARN_STRICT_PROTOTYPES = YES;
				CLANG_WARN_SUSPICIOUS_MOVE = YES;
				CLANG_WARN_UNGUARDED_AVAILABILITY = YES_AGGRESSIVE;
				CLANG_WARN_UNREACHABLE_CODE = YES;
				CLANG_WARN__DUPLICATE_METHOD_MATCH = YES;
				COPY_PHASE_STRIP = NO;
				DEBUG_INFORMATION_FORMAT = dwarf;
				ENABLE_STRICT_OBJC_MSGSEND = YES;
				ENABLE_TESTABILITY = YES;
				GCC_C_LANGUAGE_STANDARD = gnu11;
				GCC_DYNAMIC_NO_PIC = NO;
				GCC_NO_COMMON_BLOCKS = YES;
				GCC_OPTIMIZATION_LEVEL = 0;
				GCC_PREPROCESSOR_DEFINITIONS = (
					"DEBUG=1",
					"$(inherited)",
				);
				GCC_WARN_64_TO_32_BIT_CONVERSION = YES;
				GCC_WARN_ABOUT_RETURN_TYPE = YES_ERROR;
				GCC_WARN_UNDECLARED_SELECTOR = YES;
				GCC_WARN_UNINITIALIZED_AUTOS = YES_AGGRESSIVE;
				GCC_WARN_UNUSED_FUNCTION = YES;
				GCC_WARN_UNUSED_VARIABLE = YES;
				MTL_ENABLE_DEBUG_INFO = INCLUDE_SOURCE;
				MTL_FAST_MATH = YES;
				ONLY_ACTIVE_ARCH = YES;
				SWIFT_ACTIVE_COMPILATION_CONDITIONS = DEBUG;
				SWIFT_OPTIMIZATION_LEVEL = "-Onone";
			};
			name = Debug;
		};
		50505A5329C8A071009890B4 /* Release */ = {
			isa = XCBuildConfiguration;
			buildSettings = {
				ALWAYS_SEARCH_USER_PATHS = NO;
				CLANG_ANALYZER_NONNULL = YES;
				CLANG_ANALYZER_NUMBER_OBJECT_CONVERSION = YES_AGGRESSIVE;
				CLANG_CXX_LANGUAGE_STANDARD = "gnu++20";
				CLANG_ENABLE_MODULES = YES;
				CLANG_ENABLE_OBJC_ARC = YES;
				CLANG_ENABLE_OBJC_WEAK = YES;
				CLANG_WARN_BLOCK_CAPTURE_AUTORELEASING = YES;
				CLANG_WARN_BOOL_CONVERSION = YES;
				CLANG_WARN_COMMA = YES;
				CLANG_WARN_CONSTANT_CONVERSION = YES;
				CLANG_WARN_DEPRECATED_OBJC_IMPLEMENTATIONS = YES;
				CLANG_WARN_DIRECT_OBJC_ISA_USAGE = YES_ERROR;
				CLANG_WARN_DOCUMENTATION_COMMENTS = YES;
				CLANG_WARN_EMPTY_BODY = YES;
				CLANG_WARN_ENUM_CONVERSION = YES;
				CLANG_WARN_INFINITE_RECURSION = YES;
				CLANG_WARN_INT_CONVERSION = YES;
				CLANG_WARN_NON_LITERAL_NULL_CONVERSION = YES;
				CLANG_WARN_OBJC_IMPLICIT_RETAIN_SELF = YES;
				CLANG_WARN_OBJC_LITERAL_CONVERSION = YES;
				CLANG_WARN_OBJC_ROOT_CLASS = YES_ERROR;
				CLANG_WARN_QUOTED_INCLUDE_IN_FRAMEWORK_HEADER = YES;
				CLANG_WARN_RANGE_LOOP_ANALYSIS = YES;
				CLANG_WARN_STRICT_PROTOTYPES = YES;
				CLANG_WARN_SUSPICIOUS_MOVE = YES;
				CLANG_WARN_UNGUARDED_AVAILABILITY = YES_AGGRESSIVE;
				CLANG_WARN_UNREACHABLE_CODE = YES;
				CLANG_WARN__DUPLICATE_METHOD_MATCH = YES;
				COPY_PHASE_STRIP = NO;
				DEBUG_INFORMATION_FORMAT = "dwarf-with-dsym";
				ENABLE_NS_ASSERTIONS = NO;
				ENABLE_STRICT_OBJC_MSGSEND = YES;
				GCC_C_LANGUAGE_STANDARD = gnu11;
				GCC_NO_COMMON_BLOCKS = YES;
				GCC_WARN_64_TO_32_BIT_CONVERSION = YES;
				GCC_WARN_ABOUT_RETURN_TYPE = YES_ERROR;
				GCC_WARN_UNDECLARED_SELECTOR = YES;
				GCC_WARN_UNINITIALIZED_AUTOS = YES_AGGRESSIVE;
				GCC_WARN_UNUSED_FUNCTION = YES;
				GCC_WARN_UNUSED_VARIABLE = YES;
				MTL_ENABLE_DEBUG_INFO = NO;
				MTL_FAST_MATH = YES;
				SWIFT_COMPILATION_MODE = wholemodule;
				SWIFT_OPTIMIZATION_LEVEL = "-O";
			};
			name = Release;
		};
		50505A5529C8A071009890B4 /* Debug */ = {
			isa = XCBuildConfiguration;
			buildSettings = {
				ASSETCATALOG_COMPILER_APPICON_NAME = AppIcon;
				ASSETCATALOG_COMPILER_GLOBAL_ACCENT_COLOR_NAME = AccentColor;
				CODE_SIGN_ENTITLEMENTS = MacroTracker/MacroTracker.entitlements;
				CODE_SIGN_STYLE = Automatic;
				CURRENT_PROJECT_VERSION = 1;
				DEVELOPMENT_ASSET_PATHS = "\"MacroTracker/Preview Content\"";
				ENABLE_PREVIEWS = YES;
				GENERATE_INFOPLIST_FILE = YES;
				INFOPLIST_KEY_LSApplicationCategoryType = "public.app-category.healthcare-fitness";
				"INFOPLIST_KEY_UIApplicationSceneManifest_Generation[sdk=iphoneos*]" = YES;
				"INFOPLIST_KEY_UIApplicationSceneManifest_Generation[sdk=iphonesimulator*]" = YES;
				"INFOPLIST_KEY_UIApplicationSupportsIndirectInputEvents[sdk=iphoneos*]" = YES;
				"INFOPLIST_KEY_UIApplicationSupportsIndirectInputEvents[sdk=iphonesimulator*]" = YES;
				"INFOPLIST_KEY_UILaunchScreen_Generation[sdk=iphoneos*]" = YES;
				"INFOPLIST_KEY_UILaunchScreen_Generation[sdk=iphonesimulator*]" = YES;
				"INFOPLIST_KEY_UIStatusBarStyle[sdk=iphoneos*]" = UIStatusBarStyleDefault;
				"INFOPLIST_KEY_UIStatusBarStyle[sdk=iphonesimulator*]" = UIStatusBarStyleDefault;
				INFOPLIST_KEY_UISupportedInterfaceOrientations_iPad = "UIInterfaceOrientationPortrait UIInterfaceOrientationPortraitUpsideDown UIInterfaceOrientationLandscapeLeft UIInterfaceOrientationLandscapeRight";
				INFOPLIST_KEY_UISupportedInterfaceOrientations_iPhone = "UIInterfaceOrientationPortrait UIInterfaceOrientationLandscapeLeft UIInterfaceOrientationLandscapeRight";
				IPHONEOS_DEPLOYMENT_TARGET = 16.0;
				LD_RUNPATH_SEARCH_PATHS = "@executable_path/Frameworks";
				"LD_RUNPATH_SEARCH_PATHS[sdk=macosx*]" = "@executable_path/../Frameworks";
				MACOSX_DEPLOYMENT_TARGET = 13.1;
				MARKETING_VERSION = 1.0;
				PRODUCT_BUNDLE_IDENTIFIER = it.SironiSprocati.MacroTracker;
				PRODUCT_NAME = "$(TARGET_NAME)";
				SDKROOT = auto;
				SUPPORTED_PLATFORMS = "iphoneos iphonesimulator";
				SUPPORTS_MACCATALYST = NO;
				SUPPORTS_MAC_DESIGNED_FOR_IPHONE_IPAD = NO;
				SWIFT_EMIT_LOC_STRINGS = YES;
				SWIFT_VERSION = 5.0;
				TARGETED_DEVICE_FAMILY = "1,2";
			};
			name = Debug;
		};
		50505A5629C8A071009890B4 /* Release */ = {
			isa = XCBuildConfiguration;
			buildSettings = {
				ASSETCATALOG_COMPILER_APPICON_NAME = AppIcon;
				ASSETCATALOG_COMPILER_GLOBAL_ACCENT_COLOR_NAME = AccentColor;
				CODE_SIGN_ENTITLEMENTS = MacroTracker/MacroTracker.entitlements;
				CODE_SIGN_STYLE = Automatic;
				CURRENT_PROJECT_VERSION = 1;
				DEVELOPMENT_ASSET_PATHS = "\"MacroTracker/Preview Content\"";
				ENABLE_PREVIEWS = YES;
				GENERATE_INFOPLIST_FILE = YES;
				INFOPLIST_KEY_LSApplicationCategoryType = "public.app-category.healthcare-fitness";
				"INFOPLIST_KEY_UIApplicationSceneManifest_Generation[sdk=iphoneos*]" = YES;
				"INFOPLIST_KEY_UIApplicationSceneManifest_Generation[sdk=iphonesimulator*]" = YES;
				"INFOPLIST_KEY_UIApplicationSupportsIndirectInputEvents[sdk=iphoneos*]" = YES;
				"INFOPLIST_KEY_UIApplicationSupportsIndirectInputEvents[sdk=iphonesimulator*]" = YES;
				"INFOPLIST_KEY_UILaunchScreen_Generation[sdk=iphoneos*]" = YES;
				"INFOPLIST_KEY_UILaunchScreen_Generation[sdk=iphonesimulator*]" = YES;
				"INFOPLIST_KEY_UIStatusBarStyle[sdk=iphoneos*]" = UIStatusBarStyleDefault;
				"INFOPLIST_KEY_UIStatusBarStyle[sdk=iphonesimulator*]" = UIStatusBarStyleDefault;
				INFOPLIST_KEY_UISupportedInterfaceOrientations_iPad = "UIInterfaceOrientationPortrait UIInterfaceOrientationPortraitUpsideDown UIInterfaceOrientationLandscapeLeft UIInterfaceOrientationLandscapeRight";
				INFOPLIST_KEY_UISupportedInterfaceOrientations_iPhone = "UIInterfaceOrientationPortrait UIInterfaceOrientationLandscapeLeft UIInterfaceOrientationLandscapeRight";
				IPHONEOS_DEPLOYMENT_TARGET = 16.0;
				LD_RUNPATH_SEARCH_PATHS = "@executable_path/Frameworks";
				"LD_RUNPATH_SEARCH_PATHS[sdk=macosx*]" = "@executable_path/../Frameworks";
				MACOSX_DEPLOYMENT_TARGET = 13.1;
				MARKETING_VERSION = 1.0;
				PRODUCT_BUNDLE_IDENTIFIER = it.SironiSprocati.MacroTracker;
				PRODUCT_NAME = "$(TARGET_NAME)";
				SDKROOT = auto;
				SUPPORTED_PLATFORMS = "iphoneos iphonesimulator";
				SUPPORTS_MACCATALYST = NO;
				SUPPORTS_MAC_DESIGNED_FOR_IPHONE_IPAD = NO;
				SWIFT_EMIT_LOC_STRINGS = YES;
				SWIFT_VERSION = 5.0;
				TARGETED_DEVICE_FAMILY = "1,2";
			};
			name = Release;
		};
		50505A5829C8A071009890B4 /* Debug */ = {
			isa = XCBuildConfiguration;
			buildSettings = {
				ALWAYS_EMBED_SWIFT_STANDARD_LIBRARIES = YES;
				BUNDLE_LOADER = "$(TEST_HOST)";
				CODE_SIGN_STYLE = Automatic;
				CURRENT_PROJECT_VERSION = 1;
				GENERATE_INFOPLIST_FILE = YES;
				IPHONEOS_DEPLOYMENT_TARGET = 16.2;
				MACOSX_DEPLOYMENT_TARGET = 13.1;
				MARKETING_VERSION = 1.0;
				PRODUCT_BUNDLE_IDENTIFIER = it.SironiSprocati.MacroTrackerTests;
				PRODUCT_NAME = "$(TARGET_NAME)";
				SDKROOT = auto;
				SUPPORTED_PLATFORMS = "iphoneos iphonesimulator macosx";
				SWIFT_EMIT_LOC_STRINGS = NO;
				SWIFT_VERSION = 5.0;
				TARGETED_DEVICE_FAMILY = "1,2";
				TEST_HOST = "$(BUILT_PRODUCTS_DIR)/MacroTracker.app/$(BUNDLE_EXECUTABLE_FOLDER_PATH)/MacroTracker";
			};
			name = Debug;
		};
		50505A5929C8A071009890B4 /* Release */ = {
			isa = XCBuildConfiguration;
			buildSettings = {
				ALWAYS_EMBED_SWIFT_STANDARD_LIBRARIES = YES;
				BUNDLE_LOADER = "$(TEST_HOST)";
				CODE_SIGN_STYLE = Automatic;
				CURRENT_PROJECT_VERSION = 1;
				GENERATE_INFOPLIST_FILE = YES;
				IPHONEOS_DEPLOYMENT_TARGET = 16.2;
				MACOSX_DEPLOYMENT_TARGET = 13.1;
				MARKETING_VERSION = 1.0;
				PRODUCT_BUNDLE_IDENTIFIER = it.SironiSprocati.MacroTrackerTests;
				PRODUCT_NAME = "$(TARGET_NAME)";
				SDKROOT = auto;
				SUPPORTED_PLATFORMS = "iphoneos iphonesimulator macosx";
				SWIFT_EMIT_LOC_STRINGS = NO;
				SWIFT_VERSION = 5.0;
				TARGETED_DEVICE_FAMILY = "1,2";
				TEST_HOST = "$(BUILT_PRODUCTS_DIR)/MacroTracker.app/$(BUNDLE_EXECUTABLE_FOLDER_PATH)/MacroTracker";
			};
			name = Release;
		};
		50505A5B29C8A071009890B4 /* Debug */ = {
			isa = XCBuildConfiguration;
			buildSettings = {
				ALWAYS_EMBED_SWIFT_STANDARD_LIBRARIES = YES;
				CODE_SIGN_STYLE = Automatic;
				CURRENT_PROJECT_VERSION = 1;
				GENERATE_INFOPLIST_FILE = YES;
				IPHONEOS_DEPLOYMENT_TARGET = 16.2;
				MACOSX_DEPLOYMENT_TARGET = 13.1;
				MARKETING_VERSION = 1.0;
				PRODUCT_BUNDLE_IDENTIFIER = it.SironiSprocati.MacroTrackerUITests;
				PRODUCT_NAME = "$(TARGET_NAME)";
				SDKROOT = auto;
				SUPPORTED_PLATFORMS = "iphoneos iphonesimulator macosx";
				SWIFT_EMIT_LOC_STRINGS = NO;
				SWIFT_VERSION = 5.0;
				TARGETED_DEVICE_FAMILY = "1,2";
				TEST_TARGET_NAME = MacroTracker;
			};
			name = Debug;
		};
		50505A5C29C8A071009890B4 /* Release */ = {
			isa = XCBuildConfiguration;
			buildSettings = {
				ALWAYS_EMBED_SWIFT_STANDARD_LIBRARIES = YES;
				CODE_SIGN_STYLE = Automatic;
				CURRENT_PROJECT_VERSION = 1;
				GENERATE_INFOPLIST_FILE = YES;
				IPHONEOS_DEPLOYMENT_TARGET = 16.2;
				MACOSX_DEPLOYMENT_TARGET = 13.1;
				MARKETING_VERSION = 1.0;
				PRODUCT_BUNDLE_IDENTIFIER = it.SironiSprocati.MacroTrackerUITests;
				PRODUCT_NAME = "$(TARGET_NAME)";
				SDKROOT = auto;
				SUPPORTED_PLATFORMS = "iphoneos iphonesimulator macosx";
				SWIFT_EMIT_LOC_STRINGS = NO;
				SWIFT_VERSION = 5.0;
				TARGETED_DEVICE_FAMILY = "1,2";
				TEST_TARGET_NAME = MacroTracker;
			};
			name = Release;
		};
/* End XCBuildConfiguration section */

/* Begin XCConfigurationList section */
		50505A2A29C8A06F009890B4 /* Build configuration list for PBXProject "MacroTracker" */ = {
			isa = XCConfigurationList;
			buildConfigurations = (
				50505A5229C8A071009890B4 /* Debug */,
				50505A5329C8A071009890B4 /* Release */,
			);
			defaultConfigurationIsVisible = 0;
			defaultConfigurationName = Release;
		};
		50505A5429C8A071009890B4 /* Build configuration list for PBXNativeTarget "MacroTracker" */ = {
			isa = XCConfigurationList;
			buildConfigurations = (
				50505A5529C8A071009890B4 /* Debug */,
				50505A5629C8A071009890B4 /* Release */,
			);
			defaultConfigurationIsVisible = 0;
			defaultConfigurationName = Release;
		};
		50505A5729C8A071009890B4 /* Build configuration list for PBXNativeTarget "MacroTrackerTests" */ = {
			isa = XCConfigurationList;
			buildConfigurations = (
				50505A5829C8A071009890B4 /* Debug */,
				50505A5929C8A071009890B4 /* Release */,
			);
			defaultConfigurationIsVisible = 0;
			defaultConfigurationName = Release;
		};
		50505A5A29C8A071009890B4 /* Build configuration list for PBXNativeTarget "MacroTrackerUITests" */ = {
			isa = XCConfigurationList;
			buildConfigurations = (
				50505A5B29C8A071009890B4 /* Debug */,
				50505A5C29C8A071009890B4 /* Release */,
			);
			defaultConfigurationIsVisible = 0;
			defaultConfigurationName = Release;
		};
/* End XCConfigurationList section */

/* Begin XCRemoteSwiftPackageReference section */
		50505A6129C8A425009890B4 /* XCRemoteSwiftPackageReference "firebase-ios-sdk" */ = {
			isa = XCRemoteSwiftPackageReference;
			repositoryURL = "https://github.com/firebase/firebase-ios-sdk";
			requirement = {
				branch = master;
				kind = branch;
			};
		};
		5097C8ED29D1C61C0024DE86 /* XCRemoteSwiftPackageReference "CarBode-Barcode-Scanner-For-SwiftUI" */ = {
			isa = XCRemoteSwiftPackageReference;
			repositoryURL = "https://github.com/heart/CarBode-Barcode-Scanner-For-SwiftUI.git";
			requirement = {
				kind = upToNextMajorVersion;
				minimumVersion = 2.0.0;
			};
		};
		5097C91129D1D10C0024DE86 /* XCRemoteSwiftPackageReference "PopupView" */ = {
			isa = XCRemoteSwiftPackageReference;
			repositoryURL = "https://github.com/exyte/PopupView";
			requirement = {
				kind = upToNextMajorVersion;
				minimumVersion = 2.0.0;
			};
		};
		50DF38C829C9D0ED002BE5C0 /* XCRemoteSwiftPackageReference "ChartView" */ = {
			isa = XCRemoteSwiftPackageReference;
			repositoryURL = "https://github.com/AppPear/ChartView";
			requirement = {
				kind = upToNextMajorVersion;
				minimumVersion = 1.0.0;
			};
		};
/* End XCRemoteSwiftPackageReference section */

/* Begin XCSwiftPackageProductDependency section */
		43BF22A129D2FC6B004C6E0B /* FirebaseFirestore */ = {
			isa = XCSwiftPackageProductDependency;
			package = 50505A6129C8A425009890B4 /* XCRemoteSwiftPackageReference "firebase-ios-sdk" */;
			productName = FirebaseFirestore;
		};
		50505A6229C8A425009890B4 /* FirebaseAnalytics */ = {
			isa = XCSwiftPackageProductDependency;
			package = 50505A6129C8A425009890B4 /* XCRemoteSwiftPackageReference "firebase-ios-sdk" */;
			productName = FirebaseAnalytics;
		};
		50505A6429C8A425009890B4 /* FirebaseAnalyticsSwift */ = {
			isa = XCSwiftPackageProductDependency;
			package = 50505A6129C8A425009890B4 /* XCRemoteSwiftPackageReference "firebase-ios-sdk" */;
			productName = FirebaseAnalyticsSwift;
		};
		50505A6629C8A425009890B4 /* FirebaseAuth */ = {
			isa = XCSwiftPackageProductDependency;
			package = 50505A6129C8A425009890B4 /* XCRemoteSwiftPackageReference "firebase-ios-sdk" */;
			productName = FirebaseAuth;
		};
		50505A6829C8A425009890B4 /* FirebaseCrashlytics */ = {
			isa = XCSwiftPackageProductDependency;
			package = 50505A6129C8A425009890B4 /* XCRemoteSwiftPackageReference "firebase-ios-sdk" */;
			productName = FirebaseCrashlytics;
		};
		50505A6A29C8A425009890B4 /* FirebaseDatabase */ = {
			isa = XCSwiftPackageProductDependency;
			package = 50505A6129C8A425009890B4 /* XCRemoteSwiftPackageReference "firebase-ios-sdk" */;
			productName = FirebaseDatabase;
		};
		50505A6C29C8A425009890B4 /* FirebaseDatabaseSwift */ = {
			isa = XCSwiftPackageProductDependency;
			package = 50505A6129C8A425009890B4 /* XCRemoteSwiftPackageReference "firebase-ios-sdk" */;
			productName = FirebaseDatabaseSwift;
		};
		5097C8EE29D1C61C0024DE86 /* CarBode */ = {
			isa = XCSwiftPackageProductDependency;
			package = 5097C8ED29D1C61C0024DE86 /* XCRemoteSwiftPackageReference "CarBode-Barcode-Scanner-For-SwiftUI" */;
			productName = CarBode;
		};
		5097C91229D1D10C0024DE86 /* PopupView */ = {
			isa = XCSwiftPackageProductDependency;
			package = 5097C91129D1D10C0024DE86 /* XCRemoteSwiftPackageReference "PopupView" */;
			productName = PopupView;
		};
		50DF38C929C9D0ED002BE5C0 /* SwiftUICharts */ = {
			isa = XCSwiftPackageProductDependency;
			package = 50DF38C829C9D0ED002BE5C0 /* XCRemoteSwiftPackageReference "ChartView" */;
			productName = SwiftUICharts;
		};
/* End XCSwiftPackageProductDependency section */
	};
	rootObject = 50505A2729C8A06F009890B4 /* Project object */;
}
